
Microsoft Visual Studio Solution File, Format Version 12.00
# Visual Studio Version 17
VisualStudioVersion = 17.14.36603.0 d17.14
MinimumVisualStudioVersion = 10.0.40219.1
Project("{FAE04EC0-301F-11D3-BF4B-00C04F79EFBC}") = "Flappy-Birds", "Flappy-Birds.csproj", "{285097C7-A41C-4FD5-A56A-20D49D78C2DF}"
EndProject
Global
	GlobalSection(SolutionConfigurationPlatforms) = preSolution
		Debug|Any CPU = Debug|Any CPU
		Release|Any CPU = Release|Any CPU
	EndGlobalSection
	GlobalSection(ProjectConfigurationPlatforms) = postSolution
		{285097C7-A41C-4FD5-A56A-20D49D78C2DF}.Debug|Any CPU.ActiveCfg = Debug|Any CPU
		{285097C7-A41C-4FD5-A56A-20D49D78C2DF}.Debug|Any CPU.Build.0 = Debug|Any CPU
		{285097C7-A41C-4FD5-A56A-20D49D78C2DF}.Release|Any CPU.ActiveCfg = Release|Any CPU
		{285097C7-A41C-4FD5-A56A-20D49D78C2DF}.Release|Any CPU.Build.0 = Release|Any CPU
	EndGlobalSection
	GlobalSection(SolutionProperties) = preSolution
		HideSolutionNode = FALSE
	EndGlobalSection
	GlobalSection(ExtensibilityGlobals) = postSolution
		SolutionGuid = {FD5F50FF-CC4F-46A8-9D46-8BAA0A49219A}
	EndGlobalSection
EndGlobal
